
Microsoft Visual Studio Solution File, Format Version 12.00
# Visual Studio 2013
VisualStudioVersion = 12.0.21005.1
MinimumVisualStudioVersion = 10.0.40219.1
Project("{FAE04EC0-301F-11D3-BF4B-00C04F79EFBC}") = "TeduShop.Data", "TeduShop.Data\TeduShop.Data.csproj", "{264389AD-C7DF-4C4A-AB33-7FAEBC1B7EED}"
EndProject
Project("{FAE04EC0-301F-11D3-BF4B-00C04F79EFBC}") = "TeduShop.Service", "TeduShop.Service\TeduShop.Service.csproj", "{018E88F3-3890-40FF-825B-7A3D38C49CE0}"
EndProject
Project("{FAE04EC0-301F-11D3-BF4B-00C04F79EFBC}") = "TeduShop.Common", "TeduShop.Common\TeduShop.Common.csproj", "{9C765D87-0240-499A-9257-A287024092D5}"
EndProject
Project("{FAE04EC0-301F-11D3-BF4B-00C04F79EFBC}") = "TeaduShop.Model", "TeaduShop.Model\TeaduShop.Model.csproj", "{E5E83A50-7273-4467-96EA-0C7182241098}"
EndProject
Project("{FAE04EC0-301F-11D3-BF4B-00C04F79EFBC}") = "TeduShop.UnitTest", "TeduShop.UnitTest\TeduShop.UnitTest.csproj", "{6F981F52-152A-4D5E-8DFA-5918CD3C734C}"
EndProject
Project("{FAE04EC0-301F-11D3-BF4B-00C04F79EFBC}") = "TeduShop.Web", "TeduShop.Web\TeduShop.Web.csproj", "{F7DBC8B8-177E-4B6B-8364-C39BEB2631C3}"
EndProject
Global
	GlobalSection(SolutionConfigurationPlatforms) = preSolution
		Debug|Any CPU = Debug|Any CPU
		Release|Any CPU = Release|Any CPU
	EndGlobalSection
	GlobalSection(ProjectConfigurationPlatforms) = postSolution
		{264389AD-C7DF-4C4A-AB33-7FAEBC1B7EED}.Debug|Any CPU.ActiveCfg = Debug|Any CPU
		{264389AD-C7DF-4C4A-AB33-7FAEBC1B7EED}.Debug|Any CPU.Build.0 = Debug|Any CPU
		{264389AD-C7DF-4C4A-AB33-7FAEBC1B7EED}.Release|Any CPU.ActiveCfg = Release|Any CPU
		{264389AD-C7DF-4C4A-AB33-7FAEBC1B7EED}.Release|Any CPU.Build.0 = Release|Any CPU
		{018E88F3-3890-40FF-825B-7A3D38C49CE0}.Debug|Any CPU.ActiveCfg = Debug|Any CPU
		{018E88F3-3890-40FF-825B-7A3D38C49CE0}.Debug|Any CPU.Build.0 = Debug|Any CPU
		{018E88F3-3890-40FF-825B-7A3D38C49CE0}.Release|Any CPU.ActiveCfg = Release|Any CPU
		{018E88F3-3890-40FF-825B-7A3D38C49CE0}.Release|Any CPU.Build.0 = Release|Any CPU
		{9C765D87-0240-499A-9257-A287024092D5}.Debug|Any CPU.ActiveCfg = Debug|Any CPU
		{9C765D87-0240-499A-9257-A287024092D5}.Debug|Any CPU.Build.0 = Debug|Any CPU
		{9C765D87-0240-499A-9257-A287024092D5}.Release|Any CPU.ActiveCfg = Release|Any CPU
		{9C765D87-0240-499A-9257-A287024092D5}.Release|Any CPU.Build.0 = Release|Any CPU
		{E5E83A50-7273-4467-96EA-0C7182241098}.Debug|Any CPU.ActiveCfg = Debug|Any CPU
		{E5E83A50-7273-4467-96EA-0C7182241098}.Debug|Any CPU.Build.0 = Debug|Any CPU
		{E5E83A50-7273-4467-96EA-0C7182241098}.Release|Any CPU.ActiveCfg = Release|Any CPU
		{E5E83A50-7273-4467-96EA-0C7182241098}.Release|Any CPU.Build.0 = Release|Any CPU
		{6F981F52-152A-4D5E-8DFA-5918CD3C734C}.Debug|Any CPU.ActiveCfg = Debug|Any CPU
		{6F981F52-152A-4D5E-8DFA-5918CD3C734C}.Debug|Any CPU.Build.0 = Debug|Any CPU
		{6F981F52-152A-4D5E-8DFA-5918CD3C734C}.Release|Any CPU.ActiveCfg = Release|Any CPU
		{6F981F52-152A-4D5E-8DFA-5918CD3C734C}.Release|Any CPU.Build.0 = Release|Any CPU
		{F7DBC8B8-177E-4B6B-8364-C39BEB2631C3}.Debug|Any CPU.ActiveCfg = Debug|Any CPU
		{F7DBC8B8-177E-4B6B-8364-C39BEB2631C3}.Debug|Any CPU.Build.0 = Debug|Any CPU
		{F7DBC8B8-177E-4B6B-8364-C39BEB2631C3}.Release|Any CPU.ActiveCfg = Release|Any CPU
		{F7DBC8B8-177E-4B6B-8364-C39BEB2631C3}.Release|Any CPU.Build.0 = Release|Any CPU
	EndGlobalSection
	GlobalSection(SolutionProperties) = preSolution
		HideSolutionNode = FALSE
	EndGlobalSection
EndGlobal
